// !$*UTF8*$!
{
	archiveVersion = 1;
	classes = {
	};
	objectVersion = 48;
	objects = {

/* Begin PBXBuildFile section */
		54861BCFDC0E05A7AE176AE0 /* Pods_UtilitiesTests.framework in Frameworks */ = {isa = PBXBuildFile; fileRef = 782CD9522A086B9F69576DE3 /* Pods_UtilitiesTests.framework */; };
		6298F31A7D63187ED22D691C /* Pods_Utilities.framework in Frameworks */ = {isa = PBXBuildFile; fileRef = F59F6665A91B83C6D069FD27 /* Pods_Utilities.framework */; };
		6E24E33B1FD8145C00A90C45 /* Utilities.framework in Frameworks */ = {isa = PBXBuildFile; fileRef = 6E24E3311FD8145B00A90C45 /* Utilities.framework */; };
		6E24E3401FD8145C00A90C45 /* UtilitiesTests.m in Sources */ = {isa = PBXBuildFile; fileRef = 6E24E33F1FD8145C00A90C45 /* UtilitiesTests.m */; };
		6E24E3421FD8145C00A90C45 /* Utilities.h in Headers */ = {isa = PBXBuildFile; fileRef = 6E24E3341FD8145B00A90C45 /* Utilities.h */; settings = {ATTRIBUTES = (Public, ); }; };
		6E32BA57200C0D730023C5B9 /* UIViewController+LifeCycleHook.h in Headers */ = {isa = PBXBuildFile; fileRef = 6E32BA55200C0D730023C5B9 /* UIViewController+LifeCycleHook.h */; settings = {ATTRIBUTES = (Public, ); }; };
		6E32BA58200C0D730023C5B9 /* UIViewController+LifeCycleHook.m in Sources */ = {isa = PBXBuildFile; fileRef = 6E32BA56200C0D730023C5B9 /* UIViewController+LifeCycleHook.m */; };
		6E3972A21FE182E900EA8559 /* UIViewController+NavigationControllerSequence.h in Headers */ = {isa = PBXBuildFile; fileRef = 6E3972A01FE182E900EA8559 /* UIViewController+NavigationControllerSequence.h */; settings = {ATTRIBUTES = (Public, ); }; };
		6E3972A31FE182E900EA8559 /* UIViewController+NavigationControllerSequence.m in Sources */ = {isa = PBXBuildFile; fileRef = 6E3972A11FE182E900EA8559 /* UIViewController+NavigationControllerSequence.m */; };
		6E3972AA1FE29C5600EA8559 /* FlowCoordinator.h in Headers */ = {isa = PBXBuildFile; fileRef = 6E3972A91FE29C5600EA8559 /* FlowCoordinator.h */; settings = {ATTRIBUTES = (Public, ); }; };
		6E3972AD1FE29CA100EA8559 /* BaseFlowCoordinator.h in Headers */ = {isa = PBXBuildFile; fileRef = 6E3972AB1FE29CA100EA8559 /* BaseFlowCoordinator.h */; settings = {ATTRIBUTES = (Public, ); }; };
		6E3972AE1FE29CA100EA8559 /* BaseFlowCoordinator.m in Sources */ = {isa = PBXBuildFile; fileRef = 6E3972AC1FE29CA100EA8559 /* BaseFlowCoordinator.m */; };
		6E3CAFDD1FE12023007CD1E4 /* UIViewController+ShowChildViewController.h in Headers */ = {isa = PBXBuildFile; fileRef = 6E3CAFDB1FE12023007CD1E4 /* UIViewController+ShowChildViewController.h */; settings = {ATTRIBUTES = (Public, ); }; };
		6E3CAFDE1FE12023007CD1E4 /* UIViewController+ShowChildViewController.m in Sources */ = {isa = PBXBuildFile; fileRef = 6E3CAFDC1FE12023007CD1E4 /* UIViewController+ShowChildViewController.m */; };
		6E434C901FE4CC6700953E2A /* UILabel+DynamicFont.h in Headers */ = {isa = PBXBuildFile; fileRef = 6E434C8E1FE4CC6700953E2A /* UILabel+DynamicFont.h */; settings = {ATTRIBUTES = (Public, ); }; };
		6E434C911FE4CC6700953E2A /* UILabel+DynamicFont.m in Sources */ = {isa = PBXBuildFile; fileRef = 6E434C8F1FE4CC6700953E2A /* UILabel+DynamicFont.m */; };
		6E434C941FE4CD4600953E2A /* DynamicFontManager.h in Headers */ = {isa = PBXBuildFile; fileRef = 6E434C921FE4CD4600953E2A /* DynamicFontManager.h */; settings = {ATTRIBUTES = (Public, ); }; };
		6E434C951FE4CD4600953E2A /* DynamicFontManager.m in Sources */ = {isa = PBXBuildFile; fileRef = 6E434C931FE4CD4600953E2A /* DynamicFontManager.m */; };
		6E434C991FE4E28900953E2A /* NSObject+Runtime.h in Headers */ = {isa = PBXBuildFile; fileRef = 6E434C971FE4E28900953E2A /* NSObject+Runtime.h */; settings = {ATTRIBUTES = (Public, ); }; };
		6E434C9A1FE4E28900953E2A /* NSObject+Runtime.m in Sources */ = {isa = PBXBuildFile; fileRef = 6E434C981FE4E28900953E2A /* NSObject+Runtime.m */; };
		6E434C9D1FE519BD00953E2A /* JRSwizzle.h in Headers */ = {isa = PBXBuildFile; fileRef = 6E434C9B1FE519BD00953E2A /* JRSwizzle.h */; };
		6E434C9E1FE519BD00953E2A /* JRSwizzle.m in Sources */ = {isa = PBXBuildFile; fileRef = 6E434C9C1FE519BD00953E2A /* JRSwizzle.m */; };
		6E434CA11FE5257F00953E2A /* GCDMulticastDelegate.m in Sources */ = {isa = PBXBuildFile; fileRef = 6E434C9F1FE5257F00953E2A /* GCDMulticastDelegate.m */; };
		6E434CA21FE5257F00953E2A /* GCDMulticastDelegate.h in Headers */ = {isa = PBXBuildFile; fileRef = 6E434CA01FE5257F00953E2A /* GCDMulticastDelegate.h */; };
		6E434CA61FE58E2800953E2A /* DPWeakSet.h in Headers */ = {isa = PBXBuildFile; fileRef = 6E434CA41FE58E2800953E2A /* DPWeakSet.h */; settings = {ATTRIBUTES = (Public, ); }; };
		6E434CA71FE58E2800953E2A /* DPWeakSet.m in Sources */ = {isa = PBXBuildFile; fileRef = 6E434CA51FE58E2800953E2A /* DPWeakSet.m */; };
		6E434CA91FE64AB900953E2A /* DPWeakSetTests.m in Sources */ = {isa = PBXBuildFile; fileRef = 6E434CA81FE64AB800953E2A /* DPWeakSetTests.m */; };
		6E4939D71FD82F260073788B /* UIViewController+FrameworkNib.h in Headers */ = {isa = PBXBuildFile; fileRef = 6E4939D51FD82F260073788B /* UIViewController+FrameworkNib.h */; settings = {ATTRIBUTES = (Public, ); }; };
		6E4939D81FD82F260073788B /* UIViewController+FrameworkNib.m in Sources */ = {isa = PBXBuildFile; fileRef = 6E4939D61FD82F260073788B /* UIViewController+FrameworkNib.m */; };
		6E4939E21FD834160073788B /* UIImage+FrameworkNib.h in Headers */ = {isa = PBXBuildFile; fileRef = 6E4939E01FD834160073788B /* UIImage+FrameworkNib.h */; settings = {ATTRIBUTES = (Public, ); }; };
		6E4939E31FD834160073788B /* UIImage+FrameworkNib.m in Sources */ = {isa = PBXBuildFile; fileRef = 6E4939E11FD834160073788B /* UIImage+FrameworkNib.m */; };
		6E4939E81FD840A50073788B /* CurrentBundle.h in Headers */ = {isa = PBXBuildFile; fileRef = 6E4939E71FD840A50073788B /* CurrentBundle.h */; };
/* End PBXBuildFile section */

/* Begin PBXContainerItemProxy section */
		6E24E33C1FD8145C00A90C45 /* PBXContainerItemProxy */ = {
			isa = PBXContainerItemProxy;
			containerPortal = 6E24E3281FD8145B00A90C45 /* Project object */;
			proxyType = 1;
			remoteGlobalIDString = 6E24E3301FD8145B00A90C45;
			remoteInfo = Utilities;
		};
/* End PBXContainerItemProxy section */

/* Begin PBXFileReference section */
		041D42B49D2964562D7BCBA0 /* Pods-Utilities.debug.xcconfig */ = {isa = PBXFileReference; includeInIndex = 1; lastKnownFileType = text.xcconfig; name = "Pods-Utilities.debug.xcconfig"; path = "../Pods/Target Support Files/Pods-Utilities/Pods-Utilities.debug.xcconfig"; sourceTree = "<group>"; };
		1B91F640D14D815DCBFDCCF7 /* Pods-UtilitiesTests.debug.xcconfig */ = {isa = PBXFileReference; includeInIndex = 1; lastKnownFileType = text.xcconfig; name = "Pods-UtilitiesTests.debug.xcconfig"; path = "../Pods/Target Support Files/Pods-UtilitiesTests/Pods-UtilitiesTests.debug.xcconfig"; sourceTree = "<group>"; };
		2E4E2520401382149293368C /* Pods-Utilities.release.xcconfig */ = {isa = PBXFileReference; includeInIndex = 1; lastKnownFileType = text.xcconfig; name = "Pods-Utilities.release.xcconfig"; path = "../Pods/Target Support Files/Pods-Utilities/Pods-Utilities.release.xcconfig"; sourceTree = "<group>"; };
		4A2AE8876815E5BD68FE7240 /* Pods-UtilitiesTests.release.xcconfig */ = {isa = PBXFileReference; includeInIndex = 1; lastKnownFileType = text.xcconfig; name = "Pods-UtilitiesTests.release.xcconfig"; path = "../Pods/Target Support Files/Pods-UtilitiesTests/Pods-UtilitiesTests.release.xcconfig"; sourceTree = "<group>"; };
		6E24E3311FD8145B00A90C45 /* Utilities.framework */ = {isa = PBXFileReference; explicitFileType = wrapper.framework; includeInIndex = 0; path = Utilities.framework; sourceTree = BUILT_PRODUCTS_DIR; };
		6E24E3341FD8145B00A90C45 /* Utilities.h */ = {isa = PBXFileReference; lastKnownFileType = sourcecode.c.h; path = Utilities.h; sourceTree = "<group>"; };
		6E24E3351FD8145B00A90C45 /* Info.plist */ = {isa = PBXFileReference; lastKnownFileType = text.plist.xml; path = Info.plist; sourceTree = "<group>"; };
		6E24E33A1FD8145C00A90C45 /* UtilitiesTests.xctest */ = {isa = PBXFileReference; explicitFileType = wrapper.cfbundle; includeInIndex = 0; path = UtilitiesTests.xctest; sourceTree = BUILT_PRODUCTS_DIR; };
		6E24E33F1FD8145C00A90C45 /* UtilitiesTests.m */ = {isa = PBXFileReference; lastKnownFileType = sourcecode.c.objc; path = UtilitiesTests.m; sourceTree = "<group>"; };
		6E24E3411FD8145C00A90C45 /* Info.plist */ = {isa = PBXFileReference; lastKnownFileType = text.plist.xml; path = Info.plist; sourceTree = "<group>"; };
		6E32BA55200C0D730023C5B9 /* UIViewController+LifeCycleHook.h */ = {isa = PBXFileReference; lastKnownFileType = sourcecode.c.h; path = "UIViewController+LifeCycleHook.h"; sourceTree = "<group>"; };
		6E32BA56200C0D730023C5B9 /* UIViewController+LifeCycleHook.m */ = {isa = PBXFileReference; lastKnownFileType = sourcecode.c.objc; path = "UIViewController+LifeCycleHook.m"; sourceTree = "<group>"; };
		6E3972A01FE182E900EA8559 /* UIViewController+NavigationControllerSequence.h */ = {isa = PBXFileReference; lastKnownFileType = sourcecode.c.h; path = "UIViewController+NavigationControllerSequence.h"; sourceTree = "<group>"; };
		6E3972A11FE182E900EA8559 /* UIViewController+NavigationControllerSequence.m */ = {isa = PBXFileReference; lastKnownFileType = sourcecode.c.objc; path = "UIViewController+NavigationControllerSequence.m"; sourceTree = "<group>"; };
		6E3972A91FE29C5600EA8559 /* FlowCoordinator.h */ = {isa = PBXFileReference; lastKnownFileType = sourcecode.c.h; path = FlowCoordinator.h; sourceTree = "<group>"; };
		6E3972AB1FE29CA100EA8559 /* BaseFlowCoordinator.h */ = {isa = PBXFileReference; lastKnownFileType = sourcecode.c.h; path = BaseFlowCoordinator.h; sourceTree = "<group>"; };
		6E3972AC1FE29CA100EA8559 /* BaseFlowCoordinator.m */ = {isa = PBXFileReference; lastKnownFileType = sourcecode.c.objc; path = BaseFlowCoordinator.m; sourceTree = "<group>"; };
		6E3CAFDB1FE12023007CD1E4 /* UIViewController+ShowChildViewController.h */ = {isa = PBXFileReference; lastKnownFileType = sourcecode.c.h; path = "UIViewController+ShowChildViewController.h"; sourceTree = "<group>"; };
		6E3CAFDC1FE12023007CD1E4 /* UIViewController+ShowChildViewController.m */ = {isa = PBXFileReference; lastKnownFileType = sourcecode.c.objc; path = "UIViewController+ShowChildViewController.m"; sourceTree = "<group>"; };
		6E434C8E1FE4CC6700953E2A /* UILabel+DynamicFont.h */ = {isa = PBXFileReference; lastKnownFileType = sourcecode.c.h; path = "UILabel+DynamicFont.h"; sourceTree = "<group>"; };
		6E434C8F1FE4CC6700953E2A /* UILabel+DynamicFont.m */ = {isa = PBXFileReference; lastKnownFileType = sourcecode.c.objc; path = "UILabel+DynamicFont.m"; sourceTree = "<group>"; };
		6E434C921FE4CD4600953E2A /* DynamicFontManager.h */ = {isa = PBXFileReference; lastKnownFileType = sourcecode.c.h; path = DynamicFontManager.h; sourceTree = "<group>"; };
		6E434C931FE4CD4600953E2A /* DynamicFontManager.m */ = {isa = PBXFileReference; lastKnownFileType = sourcecode.c.objc; path = DynamicFontManager.m; sourceTree = "<group>"; };
		6E434C971FE4E28900953E2A /* NSObject+Runtime.h */ = {isa = PBXFileReference; lastKnownFileType = sourcecode.c.h; path = "NSObject+Runtime.h"; sourceTree = "<group>"; };
		6E434C981FE4E28900953E2A /* NSObject+Runtime.m */ = {isa = PBXFileReference; lastKnownFileType = sourcecode.c.objc; path = "NSObject+Runtime.m"; sourceTree = "<group>"; };
		6E434C9B1FE519BD00953E2A /* JRSwizzle.h */ = {isa = PBXFileReference; fileEncoding = 4; lastKnownFileType = sourcecode.c.h; path = JRSwizzle.h; sourceTree = "<group>"; };
		6E434C9C1FE519BD00953E2A /* JRSwizzle.m */ = {isa = PBXFileReference; fileEncoding = 4; lastKnownFileType = sourcecode.c.objc; path = JRSwizzle.m; sourceTree = "<group>"; };
		6E434C9F1FE5257F00953E2A /* GCDMulticastDelegate.m */ = {isa = PBXFileReference; fileEncoding = 4; lastKnownFileType = sourcecode.c.objc; path = GCDMulticastDelegate.m; sourceTree = "<group>"; };
		6E434CA01FE5257F00953E2A /* GCDMulticastDelegate.h */ = {isa = PBXFileReference; fileEncoding = 4; lastKnownFileType = sourcecode.c.h; path = GCDMulticastDelegate.h; sourceTree = "<group>"; };
		6E434CA41FE58E2800953E2A /* DPWeakSet.h */ = {isa = PBXFileReference; lastKnownFileType = sourcecode.c.h; path = DPWeakSet.h; sourceTree = "<group>"; };
		6E434CA51FE58E2800953E2A /* DPWeakSet.m */ = {isa = PBXFileReference; lastKnownFileType = sourcecode.c.objc; path = DPWeakSet.m; sourceTree = "<group>"; };
		6E434CA81FE64AB800953E2A /* DPWeakSetTests.m */ = {isa = PBXFileReference; lastKnownFileType = sourcecode.c.objc; path = DPWeakSetTests.m; sourceTree = "<group>"; };
		6E4939D51FD82F260073788B /* UIViewController+FrameworkNib.h */ = {isa = PBXFileReference; lastKnownFileType = sourcecode.c.h; path = "UIViewController+FrameworkNib.h"; sourceTree = "<group>"; };
		6E4939D61FD82F260073788B /* UIViewController+FrameworkNib.m */ = {isa = PBXFileReference; lastKnownFileType = sourcecode.c.objc; path = "UIViewController+FrameworkNib.m"; sourceTree = "<group>"; };
		6E4939E01FD834160073788B /* UIImage+FrameworkNib.h */ = {isa = PBXFileReference; lastKnownFileType = sourcecode.c.h; path = "UIImage+FrameworkNib.h"; sourceTree = "<group>"; };
		6E4939E11FD834160073788B /* UIImage+FrameworkNib.m */ = {isa = PBXFileReference; lastKnownFileType = sourcecode.c.objc; path = "UIImage+FrameworkNib.m"; sourceTree = "<group>"; };
		6E4939E71FD840A50073788B /* CurrentBundle.h */ = {isa = PBXFileReference; lastKnownFileType = sourcecode.c.h; path = CurrentBundle.h; sourceTree = "<group>"; };
		782CD9522A086B9F69576DE3 /* Pods_UtilitiesTests.framework */ = {isa = PBXFileReference; explicitFileType = wrapper.framework; includeInIndex = 0; path = Pods_UtilitiesTests.framework; sourceTree = BUILT_PRODUCTS_DIR; };
		F59F6665A91B83C6D069FD27 /* Pods_Utilities.framework */ = {isa = PBXFileReference; explicitFileType = wrapper.framework; includeInIndex = 0; path = Pods_Utilities.framework; sourceTree = BUILT_PRODUCTS_DIR; };
/* End PBXFileReference section */

/* Begin PBXFrameworksBuildPhase section */
		6E24E32D1FD8145B00A90C45 /* Frameworks */ = {
			isa = PBXFrameworksBuildPhase;
			buildActionMask = 2147483647;
			files = (
				6298F31A7D63187ED22D691C /* Pods_Utilities.framework in Frameworks */,
			);
			runOnlyForDeploymentPostprocessing = 0;
		};
		6E24E3371FD8145C00A90C45 /* Frameworks */ = {
			isa = PBXFrameworksBuildPhase;
			buildActionMask = 2147483647;
			files = (
				6E24E33B1FD8145C00A90C45 /* Utilities.framework in Frameworks */,
				54861BCFDC0E05A7AE176AE0 /* Pods_UtilitiesTests.framework in Frameworks */,
			);
			runOnlyForDeploymentPostprocessing = 0;
		};
/* End PBXFrameworksBuildPhase section */

/* Begin PBXGroup section */
		1F92F6DB5F9F399FADE571A1 /* Frameworks */ = {
			isa = PBXGroup;
			children = (
				F59F6665A91B83C6D069FD27 /* Pods_Utilities.framework */,
				782CD9522A086B9F69576DE3 /* Pods_UtilitiesTests.framework */,
			);
			name = Frameworks;
			sourceTree = "<group>";
		};
		6E24E3271FD8145B00A90C45 = {
			isa = PBXGroup;
			children = (
				6E24E3331FD8145B00A90C45 /* Utilities */,
				6E24E33E1FD8145C00A90C45 /* UtilitiesTests */,
				6E24E3321FD8145B00A90C45 /* Products */,
				A4E7D19665F3C8531708EF8B /* Pods */,
				1F92F6DB5F9F399FADE571A1 /* Frameworks */,
			);
			sourceTree = "<group>";
		};
		6E24E3321FD8145B00A90C45 /* Products */ = {
			isa = PBXGroup;
			children = (
				6E24E3311FD8145B00A90C45 /* Utilities.framework */,
				6E24E33A1FD8145C00A90C45 /* UtilitiesTests.xctest */,
			);
			name = Products;
			sourceTree = "<group>";
		};
		6E24E3331FD8145B00A90C45 /* Utilities */ = {
			isa = PBXGroup;
			children = (
				6E24E3341FD8145B00A90C45 /* Utilities.h */,
				6E24E3351FD8145B00A90C45 /* Info.plist */,
				6E434CA31FE58DF200953E2A /* DPWeakSet */,
				6E434C961FE4E25500953E2A /* Runtime */,
				6E434C8D1FE4CC1500953E2A /* Font */,
				6E3972971FE0465800EA8559 /* FlowCoordinator */,
				6E4939E61FD840230073788B /* FrameworkResources */,
				6E4939D41FD82EDB0073788B /* ViewController */,
				6E4939DF1FD833F10073788B /* Image */,
				6E4938D21FD816080073788B /* String */,
				6E4938D11FD815E80073788B /* Date */,
			);
			path = Utilities;
			sourceTree = "<group>";
		};
		6E24E33E1FD8145C00A90C45 /* UtilitiesTests */ = {
			isa = PBXGroup;
			children = (
				6E24E33F1FD8145C00A90C45 /* UtilitiesTests.m */,
				6E24E3411FD8145C00A90C45 /* Info.plist */,
				6E434CA81FE64AB800953E2A /* DPWeakSetTests.m */,
			);
			path = UtilitiesTests;
			sourceTree = "<group>";
		};
		6E3972971FE0465800EA8559 /* FlowCoordinator */ = {
			isa = PBXGroup;
			children = (
				6E3972A91FE29C5600EA8559 /* FlowCoordinator.h */,
				6E3972AB1FE29CA100EA8559 /* BaseFlowCoordinator.h */,
				6E3972AC1FE29CA100EA8559 /* BaseFlowCoordinator.m */,
			);
			path = FlowCoordinator;
			sourceTree = "<group>";
		};
		6E434C8D1FE4CC1500953E2A /* Font */ = {
			isa = PBXGroup;
			children = (
				6E434C8E1FE4CC6700953E2A /* UILabel+DynamicFont.h */,
				6E434C8F1FE4CC6700953E2A /* UILabel+DynamicFont.m */,
				6E434C921FE4CD4600953E2A /* DynamicFontManager.h */,
				6E434C931FE4CD4600953E2A /* DynamicFontManager.m */,
				6E434CA01FE5257F00953E2A /* GCDMulticastDelegate.h */,
				6E434C9F1FE5257F00953E2A /* GCDMulticastDelegate.m */,
			);
			path = Font;
			sourceTree = "<group>";
		};
		6E434C961FE4E25500953E2A /* Runtime */ = {
			isa = PBXGroup;
			children = (
				6E434C971FE4E28900953E2A /* NSObject+Runtime.h */,
				6E434C981FE4E28900953E2A /* NSObject+Runtime.m */,
				6E434C9B1FE519BD00953E2A /* JRSwizzle.h */,
				6E434C9C1FE519BD00953E2A /* JRSwizzle.m */,
			);
			path = Runtime;
			sourceTree = "<group>";
		};
		6E434CA31FE58DF200953E2A /* DPWeakSet */ = {
			isa = PBXGroup;
			children = (
				6E434CA41FE58E2800953E2A /* DPWeakSet.h */,
				6E434CA51FE58E2800953E2A /* DPWeakSet.m */,
			);
			path = DPWeakSet;
			sourceTree = "<group>";
		};
		6E4938D11FD815E80073788B /* Date */ = {
			isa = PBXGroup;
			children = (
			);
			path = Date;
			sourceTree = "<group>";
		};
		6E4938D21FD816080073788B /* String */ = {
			isa = PBXGroup;
			children = (
			);
			path = String;
			sourceTree = "<group>";
		};
		6E4939D41FD82EDB0073788B /* ViewController */ = {
			isa = PBXGroup;
			children = (
				6E4939D51FD82F260073788B /* UIViewController+FrameworkNib.h */,
				6E4939D61FD82F260073788B /* UIViewController+FrameworkNib.m */,
				6E3CAFDB1FE12023007CD1E4 /* UIViewController+ShowChildViewController.h */,
				6E3CAFDC1FE12023007CD1E4 /* UIViewController+ShowChildViewController.m */,
				6E3972A01FE182E900EA8559 /* UIViewController+NavigationControllerSequence.h */,
				6E3972A11FE182E900EA8559 /* UIViewController+NavigationControllerSequence.m */,
				6E32BA55200C0D730023C5B9 /* UIViewController+LifeCycleHook.h */,
				6E32BA56200C0D730023C5B9 /* UIViewController+LifeCycleHook.m */,
			);
			path = ViewController;
			sourceTree = "<group>";
		};
		6E4939DF1FD833F10073788B /* Image */ = {
			isa = PBXGroup;
			children = (
				6E4939E01FD834160073788B /* UIImage+FrameworkNib.h */,
				6E4939E11FD834160073788B /* UIImage+FrameworkNib.m */,
			);
			path = Image;
			sourceTree = "<group>";
		};
		6E4939E61FD840230073788B /* FrameworkResources */ = {
			isa = PBXGroup;
			children = (
				6E4939E71FD840A50073788B /* CurrentBundle.h */,
			);
			path = FrameworkResources;
			sourceTree = "<group>";
		};
		A4E7D19665F3C8531708EF8B /* Pods */ = {
			isa = PBXGroup;
			children = (
				041D42B49D2964562D7BCBA0 /* Pods-Utilities.debug.xcconfig */,
				2E4E2520401382149293368C /* Pods-Utilities.release.xcconfig */,
				1B91F640D14D815DCBFDCCF7 /* Pods-UtilitiesTests.debug.xcconfig */,
				4A2AE8876815E5BD68FE7240 /* Pods-UtilitiesTests.release.xcconfig */,
			);
			name = Pods;
			sourceTree = "<group>";
		};
/* End PBXGroup section */

/* Begin PBXHeadersBuildPhase section */
		6E24E32E1FD8145B00A90C45 /* Headers */ = {
			isa = PBXHeadersBuildPhase;
			buildActionMask = 2147483647;
			files = (
				6E4939E21FD834160073788B /* UIImage+FrameworkNib.h in Headers */,
				6E434C9D1FE519BD00953E2A /* JRSwizzle.h in Headers */,
				6E4939D71FD82F260073788B /* UIViewController+FrameworkNib.h in Headers */,
				6E3972A21FE182E900EA8559 /* UIViewController+NavigationControllerSequence.h in Headers */,
				6E3972AD1FE29CA100EA8559 /* BaseFlowCoordinator.h in Headers */,
				6E434C901FE4CC6700953E2A /* UILabel+DynamicFont.h in Headers */,
				6E434C941FE4CD4600953E2A /* DynamicFontManager.h in Headers */,
				6E434C991FE4E28900953E2A /* NSObject+Runtime.h in Headers */,
				6E32BA57200C0D730023C5B9 /* UIViewController+LifeCycleHook.h in Headers */,
				6E4939E81FD840A50073788B /* CurrentBundle.h in Headers */,
				6E434CA61FE58E2800953E2A /* DPWeakSet.h in Headers */,
				6E434CA21FE5257F00953E2A /* GCDMulticastDelegate.h in Headers */,
				6E3972AA1FE29C5600EA8559 /* FlowCoordinator.h in Headers */,
				6E3CAFDD1FE12023007CD1E4 /* UIViewController+ShowChildViewController.h in Headers */,
				6E24E3421FD8145C00A90C45 /* Utilities.h in Headers */,
			);
			runOnlyForDeploymentPostprocessing = 0;
		};
/* End PBXHeadersBuildPhase section */

/* Begin PBXNativeTarget section */
		6E24E3301FD8145B00A90C45 /* Utilities */ = {
			isa = PBXNativeTarget;
			buildConfigurationList = 6E24E3451FD8145C00A90C45 /* Build configuration list for PBXNativeTarget "Utilities" */;
			buildPhases = (
				F2F81F0EE657221B877F1DCB /* [CP] Check Pods Manifest.lock */,
				6E24E32C1FD8145B00A90C45 /* Sources */,
				6E24E32D1FD8145B00A90C45 /* Frameworks */,
				6E24E32E1FD8145B00A90C45 /* Headers */,
				6E24E32F1FD8145B00A90C45 /* Resources */,
				EE1B46E1E77D65C6F18BF109 /* [CP] Copy Pods Resources */,
			);
			buildRules = (
			);
			dependencies = (
			);
			name = Utilities;
			productName = Utilities;
			productReference = 6E24E3311FD8145B00A90C45 /* Utilities.framework */;
			productType = "com.apple.product-type.framework";
		};
		6E24E3391FD8145C00A90C45 /* UtilitiesTests */ = {
			isa = PBXNativeTarget;
			buildConfigurationList = 6E24E3481FD8145C00A90C45 /* Build configuration list for PBXNativeTarget "UtilitiesTests" */;
			buildPhases = (
				B0D0E4F98FC0759A72CAF51B /* [CP] Check Pods Manifest.lock */,
				6E24E3361FD8145C00A90C45 /* Sources */,
				6E24E3371FD8145C00A90C45 /* Frameworks */,
				6E24E3381FD8145C00A90C45 /* Resources */,
				6BCDF77CE217B2B80DE6B7B0 /* [CP] Embed Pods Frameworks */,
				025B38DF234CC8E3E5C2437D /* [CP] Copy Pods Resources */,
			);
			buildRules = (
			);
			dependencies = (
				6E24E33D1FD8145C00A90C45 /* PBXTargetDependency */,
			);
			name = UtilitiesTests;
			productName = UtilitiesTests;
			productReference = 6E24E33A1FD8145C00A90C45 /* UtilitiesTests.xctest */;
			productType = "com.apple.product-type.bundle.unit-test";
		};
/* End PBXNativeTarget section */

/* Begin PBXProject section */
		6E24E3281FD8145B00A90C45 /* Project object */ = {
			isa = PBXProject;
			attributes = {
				LastUpgradeCheck = 0910;
				ORGANIZATIONNAME = "dancewithpeng@gmail.com";
				TargetAttributes = {
					6E24E3301FD8145B00A90C45 = {
						CreatedOnToolsVersion = 9.1;
						ProvisioningStyle = Automatic;
					};
					6E24E3391FD8145C00A90C45 = {
						CreatedOnToolsVersion = 9.1;
						ProvisioningStyle = Automatic;
					};
				};
			};
			buildConfigurationList = 6E24E32B1FD8145B00A90C45 /* Build configuration list for PBXProject "Utilities" */;
			compatibilityVersion = "Xcode 8.0";
			developmentRegion = en;
			hasScannedForEncodings = 0;
			knownRegions = (
				en,
			);
			mainGroup = 6E24E3271FD8145B00A90C45;
			productRefGroup = 6E24E3321FD8145B00A90C45 /* Products */;
			projectDirPath = "";
			projectRoot = "";
			targets = (
				6E24E3301FD8145B00A90C45 /* Utilities */,
				6E24E3391FD8145C00A90C45 /* UtilitiesTests */,
			);
		};
/* End PBXProject section */

/* Begin PBXResourcesBuildPhase section */
		6E24E32F1FD8145B00A90C45 /* Resources */ = {
			isa = PBXResourcesBuildPhase;
			buildActionMask = 2147483647;
			files = (
			);
			runOnlyForDeploymentPostprocessing = 0;
		};
		6E24E3381FD8145C00A90C45 /* Resources */ = {
			isa = PBXResourcesBuildPhase;
			buildActionMask = 2147483647;
			files = (
			);
			runOnlyForDeploymentPostprocessing = 0;
		};
/* End PBXResourcesBuildPhase section */

/* Begin PBXShellScriptBuildPhase section */
		025B38DF234CC8E3E5C2437D /* [CP] Copy Pods Resources */ = {
			isa = PBXShellScriptBuildPhase;
			buildActionMask = 2147483647;
			files = (
			);
			inputPaths = (
			);
			name = "[CP] Copy Pods Resources";
			outputPaths = (
			);
			runOnlyForDeploymentPostprocessing = 0;
			shellPath = /bin/sh;
			shellScript = "\"${SRCROOT}/../Pods/Target Support Files/Pods-UtilitiesTests/Pods-UtilitiesTests-resources.sh\"\n";
			showEnvVarsInLog = 0;
		};
		6BCDF77CE217B2B80DE6B7B0 /* [CP] Embed Pods Frameworks */ = {
			isa = PBXShellScriptBuildPhase;
			buildActionMask = 2147483647;
			files = (
			);
			inputPaths = (
				"${SRCROOT}/../Pods/Target Support Files/Pods-UtilitiesTests/Pods-UtilitiesTests-frameworks.sh",
				"${BUILT_PRODUCTS_DIR}/AFNetworking/AFNetworking.framework",
				"${BUILT_PRODUCTS_DIR}/MBProgressHUD/MBProgressHUD.framework",
			);
			name = "[CP] Embed Pods Frameworks";
			outputPaths = (
				"${TARGET_BUILD_DIR}/${FRAMEWORKS_FOLDER_PATH}/AFNetworking.framework",
				"${TARGET_BUILD_DIR}/${FRAMEWORKS_FOLDER_PATH}/MBProgressHUD.framework",
			);
			runOnlyForDeploymentPostprocessing = 0;
			shellPath = /bin/sh;
			shellScript = "\"${SRCROOT}/../Pods/Target Support Files/Pods-UtilitiesTests/Pods-UtilitiesTests-frameworks.sh\"\n";
			showEnvVarsInLog = 0;
		};
		B0D0E4F98FC0759A72CAF51B /* [CP] Check Pods Manifest.lock */ = {
			isa = PBXShellScriptBuildPhase;
			buildActionMask = 2147483647;
			files = (
			);
			inputPaths = (
				"${PODS_PODFILE_DIR_PATH}/Podfile.lock",
				"${PODS_ROOT}/Manifest.lock",
			);
			name = "[CP] Check Pods Manifest.lock";
			outputPaths = (
				"$(DERIVED_FILE_DIR)/Pods-UtilitiesTests-checkManifestLockResult.txt",
			);
			runOnlyForDeploymentPostprocessing = 0;
			shellPath = /bin/sh;
			shellScript = "diff \"${PODS_PODFILE_DIR_PATH}/Podfile.lock\" \"${PODS_ROOT}/Manifest.lock\" > /dev/null\nif [ $? != 0 ] ; then\n    # print error to STDERR\n    echo \"error: The sandbox is not in sync with the Podfile.lock. Run 'pod install' or update your CocoaPods installation.\" >&2\n    exit 1\nfi\n# This output is used by Xcode 'outputs' to avoid re-running this script phase.\necho \"SUCCESS\" > \"${SCRIPT_OUTPUT_FILE_0}\"\n";
			showEnvVarsInLog = 0;
		};
		EE1B46E1E77D65C6F18BF109 /* [CP] Copy Pods Resources */ = {
			isa = PBXShellScriptBuildPhase;
			buildActionMask = 2147483647;
			files = (
			);
			inputPaths = (
			);
			name = "[CP] Copy Pods Resources";
			outputPaths = (
			);
			runOnlyForDeploymentPostprocessing = 0;
			shellPath = /bin/sh;
			shellScript = "\"${SRCROOT}/../Pods/Target Support Files/Pods-Utilities/Pods-Utilities-resources.sh\"\n";
			showEnvVarsInLog = 0;
		};
		F2F81F0EE657221B877F1DCB /* [CP] Check Pods Manifest.lock */ = {
			isa = PBXShellScriptBuildPhase;
			buildActionMask = 2147483647;
			files = (
			);
			inputPaths = (
				"${PODS_PODFILE_DIR_PATH}/Podfile.lock",
				"${PODS_ROOT}/Manifest.lock",
			);
			name = "[CP] Check Pods Manifest.lock";
			outputPaths = (
				"$(DERIVED_FILE_DIR)/Pods-Utilities-checkManifestLockResult.txt",
			);
			runOnlyForDeploymentPostprocessing = 0;
			shellPath = /bin/sh;
			shellScript = "diff \"${PODS_PODFILE_DIR_PATH}/Podfile.lock\" \"${PODS_ROOT}/Manifest.lock\" > /dev/null\nif [ $? != 0 ] ; then\n    # print error to STDERR\n    echo \"error: The sandbox is not in sync with the Podfile.lock. Run 'pod install' or update your CocoaPods installation.\" >&2\n    exit 1\nfi\n# This output is used by Xcode 'outputs' to avoid re-running this script phase.\necho \"SUCCESS\" > \"${SCRIPT_OUTPUT_FILE_0}\"\n";
			showEnvVarsInLog = 0;
		};
/* End PBXShellScriptBuildPhase section */

/* Begin PBXSourcesBuildPhase section */
		6E24E32C1FD8145B00A90C45 /* Sources */ = {
			isa = PBXSourcesBuildPhase;
			buildActionMask = 2147483647;
			files = (
				6E4939E31FD834160073788B /* UIImage+FrameworkNib.m in Sources */,
				6E3972AE1FE29CA100EA8559 /* BaseFlowCoordinator.m in Sources */,
				6E434C951FE4CD4600953E2A /* DynamicFontManager.m in Sources */,
				6E3CAFDE1FE12023007CD1E4 /* UIViewController+ShowChildViewController.m in Sources */,
				6E434CA11FE5257F00953E2A /* GCDMulticastDelegate.m in Sources */,
				6E434C9A1FE4E28900953E2A /* NSObject+Runtime.m in Sources */,
				6E434C911FE4CC6700953E2A /* UILabel+DynamicFont.m in Sources */,
				6E434CA71FE58E2800953E2A /* DPWeakSet.m in Sources */,
				6E32BA58200C0D730023C5B9 /* UIViewController+LifeCycleHook.m in Sources */,
				6E4939D81FD82F260073788B /* UIViewController+FrameworkNib.m in Sources */,
				6E434C9E1FE519BD00953E2A /* JRSwizzle.m in Sources */,
				6E3972A31FE182E900EA8559 /* UIViewController+NavigationControllerSequence.m in Sources */,
			);
			runOnlyForDeploymentPostprocessing = 0;
		};
		6E24E3361FD8145C00A90C45 /* Sources */ = {
			isa = PBXSourcesBuildPhase;
			buildActionMask = 2147483647;
			files = (
				6E434CA91FE64AB900953E2A /* DPWeakSetTests.m in Sources */,
				6E24E3401FD8145C00A90C45 /* UtilitiesTests.m in Sources */,
			);
			runOnlyForDeploymentPostprocessing = 0;
		};
/* End PBXSourcesBuildPhase section */

/* Begin PBXTargetDependency section */
		6E24E33D1FD8145C00A90C45 /* PBXTargetDependency */ = {
			isa = PBXTargetDependency;
			target = 6E24E3301FD8145B00A90C45 /* Utilities */;
			targetProxy = 6E24E33C1FD8145C00A90C45 /* PBXContainerItemProxy */;
		};
/* End PBXTargetDependency section */

/* Begin XCBuildConfiguration section */
		6E24E3431FD8145C00A90C45 /* Debug */ = {
			isa = XCBuildConfiguration;
			buildSettings = {
				ALWAYS_SEARCH_USER_PATHS = NO;
				CLANG_ANALYZER_NONNULL = YES;
				CLANG_ANALYZER_NUMBER_OBJECT_CONVERSION = YES_AGGRESSIVE;
				CLANG_CXX_LANGUAGE_STANDARD = "gnu++14";
				CLANG_CXX_LIBRARY = "libc++";
				CLANG_ENABLE_MODULES = YES;
				CLANG_ENABLE_OBJC_ARC = YES;
				CLANG_WARN_BLOCK_CAPTURE_AUTORELEASING = YES;
				CLANG_WARN_BOOL_CONVERSION = YES;
				CLANG_WARN_COMMA = YES;
				CLANG_WARN_CONSTANT_CONVERSION = YES;
				CLANG_WARN_DIRECT_OBJC_ISA_USAGE = YES_ERROR;
				CLANG_WARN_DOCUMENTATION_COMMENTS = YES;
				CLANG_WARN_EMPTY_BODY = YES;
				CLANG_WARN_ENUM_CONVERSION = YES;
				CLANG_WARN_INFINITE_RECURSION = YES;
				CLANG_WARN_INT_CONVERSION = YES;
				CLANG_WARN_NON_LITERAL_NULL_CONVERSION = YES;
				CLANG_WARN_OBJC_LITERAL_CONVERSION = YES;
				CLANG_WARN_OBJC_ROOT_CLASS = YES_ERROR;
				CLANG_WARN_RANGE_LOOP_ANALYSIS = YES;
				CLANG_WARN_STRICT_PROTOTYPES = YES;
				CLANG_WARN_SUSPICIOUS_MOVE = YES;
				CLANG_WARN_UNGUARDED_AVAILABILITY = YES_AGGRESSIVE;
				CLANG_WARN_UNREACHABLE_CODE = YES;
				CLANG_WARN__DUPLICATE_METHOD_MATCH = YES;
				CODE_SIGN_IDENTITY = "iPhone Developer";
				COPY_PHASE_STRIP = NO;
				CURRENT_PROJECT_VERSION = 1;
				DEBUG_INFORMATION_FORMAT = dwarf;
				ENABLE_STRICT_OBJC_MSGSEND = YES;
				ENABLE_TESTABILITY = YES;
				GCC_C_LANGUAGE_STANDARD = gnu11;
				GCC_DYNAMIC_NO_PIC = NO;
				GCC_NO_COMMON_BLOCKS = YES;
				GCC_OPTIMIZATION_LEVEL = 0;
				GCC_PREPROCESSOR_DEFINITIONS = (
					"DEBUG=1",
					"$(inherited)",
				);
				GCC_WARN_64_TO_32_BIT_CONVERSION = YES;
				GCC_WARN_ABOUT_RETURN_TYPE = YES_ERROR;
				GCC_WARN_UNDECLARED_SELECTOR = YES;
				GCC_WARN_UNINITIALIZED_AUTOS = YES_AGGRESSIVE;
				GCC_WARN_UNUSED_FUNCTION = YES;
				GCC_WARN_UNUSED_VARIABLE = YES;
				IPHONEOS_DEPLOYMENT_TARGET = 11.1;
				MTL_ENABLE_DEBUG_INFO = YES;
				ONLY_ACTIVE_ARCH = YES;
				SDKROOT = iphoneos;
				VERSIONING_SYSTEM = "apple-generic";
				VERSION_INFO_PREFIX = "";
			};
			name = Debug;
		};
		6E24E3441FD8145C00A90C45 /* Release */ = {
			isa = XCBuildConfiguration;
			buildSettings = {
				ALWAYS_SEARCH_USER_PATHS = NO;
				CLANG_ANALYZER_NONNULL = YES;
				CLANG_ANALYZER_NUMBER_OBJECT_CONVERSION = YES_AGGRESSIVE;
				CLANG_CXX_LANGUAGE_STANDARD = "gnu++14";
				CLANG_CXX_LIBRARY = "libc++";
				CLANG_ENABLE_MODULES = YES;
				CLANG_ENABLE_OBJC_ARC = YES;
				CLANG_WARN_BLOCK_CAPTURE_AUTORELEASING = YES;
				CLANG_WARN_BOOL_CONVERSION = YES;
				CLANG_WARN_COMMA = YES;
				CLANG_WARN_CONSTANT_CONVERSION = YES;
				CLANG_WARN_DIRECT_OBJC_ISA_USAGE = YES_ERROR;
				CLANG_WARN_DOCUMENTATION_COMMENTS = YES;
				CLANG_WARN_EMPTY_BODY = YES;
				CLANG_WARN_ENUM_CONVERSION = YES;
				CLANG_WARN_INFINITE_RECURSION = YES;
				CLANG_WARN_INT_CONVERSION = YES;
				CLANG_WARN_NON_LITERAL_NULL_CONVERSION = YES;
				CLANG_WARN_OBJC_LITERAL_CONVERSION = YES;
				CLANG_WARN_OBJC_ROOT_CLASS = YES_ERROR;
				CLANG_WARN_RANGE_LOOP_ANALYSIS = YES;
				CLANG_WARN_STRICT_PROTOTYPES = YES;
				CLANG_WARN_SUSPICIOUS_MOVE = YES;
				CLANG_WARN_UNGUARDED_AVAILABILITY = YES_AGGRESSIVE;
				CLANG_WARN_UNREACHABLE_CODE = YES;
				CLANG_WARN__DUPLICATE_METHOD_MATCH = YES;
				CODE_SIGN_IDENTITY = "iPhone Developer";
				COPY_PHASE_STRIP = NO;
				CURRENT_PROJECT_VERSION = 1;
				DEBUG_INFORMATION_FORMAT = "dwarf-with-dsym";
				ENABLE_NS_ASSERTIONS = NO;
				ENABLE_STRICT_OBJC_MSGSEND = YES;
				GCC_C_LANGUAGE_STANDARD = gnu11;
				GCC_NO_COMMON_BLOCKS = YES;
				GCC_WARN_64_TO_32_BIT_CONVERSION = YES;
				GCC_WARN_ABOUT_RETURN_TYPE = YES_ERROR;
				GCC_WARN_UNDECLARED_SELECTOR = YES;
				GCC_WARN_UNINITIALIZED_AUTOS = YES_AGGRESSIVE;
				GCC_WARN_UNUSED_FUNCTION = YES;
				GCC_WARN_UNUSED_VARIABLE = YES;
				IPHONEOS_DEPLOYMENT_TARGET = 11.1;
				MTL_ENABLE_DEBUG_INFO = NO;
				SDKROOT = iphoneos;
				VALIDATE_PRODUCT = YES;
				VERSIONING_SYSTEM = "apple-generic";
				VERSION_INFO_PREFIX = "";
			};
			name = Release;
		};
		6E24E3461FD8145C00A90C45 /* Debug */ = {
			isa = XCBuildConfiguration;
			baseConfigurationReference = 041D42B49D2964562D7BCBA0 /* Pods-Utilities.debug.xcconfig */;
			buildSettings = {
				CODE_SIGN_IDENTITY = "";
				CODE_SIGN_STYLE = Automatic;
				DEFINES_MODULE = YES;
				DEVELOPMENT_TEAM = MNYYTRW888;
				DYLIB_COMPATIBILITY_VERSION = 1;
				DYLIB_CURRENT_VERSION = 1;
				DYLIB_INSTALL_NAME_BASE = "@rpath";
				INFOPLIST_FILE = Utilities/Info.plist;
				INSTALL_PATH = "$(LOCAL_LIBRARY_DIR)/Frameworks";
				LD_RUNPATH_SEARCH_PATHS = "$(inherited) @executable_path/Frameworks @loader_path/Frameworks";
				PRODUCT_BUNDLE_IDENTIFIER = DP.Utilities;
				PRODUCT_NAME = "$(TARGET_NAME:c99extidentifier)";
				SKIP_INSTALL = YES;
				TARGETED_DEVICE_FAMILY = "1,2";
			};
			name = Debug;
		};
		6E24E3471FD8145C00A90C45 /* Release */ = {
			isa = XCBuildConfiguration;
			baseConfigurationReference = 2E4E2520401382149293368C /* Pods-Utilities.release.xcconfig */;
			buildSettings = {
				CODE_SIGN_IDENTITY = "";
				CODE_SIGN_STYLE = Automatic;
				DEFINES_MODULE = YES;
				DEVELOPMENT_TEAM = MNYYTRW888;
				DYLIB_COMPATIBILITY_VERSION = 1;
				DYLIB_CURRENT_VERSION = 1;
				DYLIB_INSTALL_NAME_BASE = "@rpath";
				INFOPLIST_FILE = Utilities/Info.plist;
				INSTALL_PATH = "$(LOCAL_LIBRARY_DIR)/Frameworks";
				LD_RUNPATH_SEARCH_PATHS = "$(inherited) @executable_path/Frameworks @loader_path/Frameworks";
				PRODUCT_BUNDLE_IDENTIFIER = DP.Utilities;
				PRODUCT_NAME = "$(TARGET_NAME:c99extidentifier)";
				SKIP_INSTALL = YES;
				TARGETED_DEVICE_FAMILY = "1,2";
			};
			name = Release;
		};
		6E24E3491FD8145C00A90C45 /* Debug */ = {
			isa = XCBuildConfiguration;
			baseConfigurationReference = 1B91F640D14D815DCBFDCCF7 /* Pods-UtilitiesTests.debug.xcconfig */;
			buildSettings = {
				CODE_SIGN_STYLE = Automatic;
				DEVELOPMENT_TEAM = MNYYTRW888;
				INFOPLIST_FILE = UtilitiesTests/Info.plist;
				LD_RUNPATH_SEARCH_PATHS = "$(inherited) @executable_path/Frameworks @loader_path/Frameworks";
				PRODUCT_BUNDLE_IDENTIFIER = DP.UtilitiesTests;
				PRODUCT_NAME = "$(TARGET_NAME)";
				TARGETED_DEVICE_FAMILY = "1,2";
			};
			name = Debug;
		};
		6E24E34A1FD8145C00A90C45 /* Release */ = {
			isa = XCBuildConfiguration;
			baseConfigurationReference = 4A2AE8876815E5BD68FE7240 /* Pods-UtilitiesTests.release.xcconfig */;
			buildSettings = {
				CODE_SIGN_STYLE = Automatic;
				DEVELOPMENT_TEAM = MNYYTRW888;
				INFOPLIST_FILE = UtilitiesTests/Info.plist;
				LD_RUNPATH_SEARCH_PATHS = "$(inherited) @executable_path/Frameworks @loader_path/Frameworks";
				PRODUCT_BUNDLE_IDENTIFIER = DP.UtilitiesTests;
				PRODUCT_NAME = "$(TARGET_NAME)";
				TARGETED_DEVICE_FAMILY = "1,2";
			};
			name = Release;
		};
/* End XCBuildConfiguration section */

/* Begin XCConfigurationList section */
		6E24E32B1FD8145B00A90C45 /* Build configuration list for PBXProject "Utilities" */ = {
			isa = XCConfigurationList;
			buildConfigurations = (
				6E24E3431FD8145C00A90C45 /* Debug */,
				6E24E3441FD8145C00A90C45 /* Release */,
			);
			defaultConfigurationIsVisible = 0;
			defaultConfigurationName = Release;
		};
		6E24E3451FD8145C00A90C45 /* Build configuration list for PBXNativeTarget "Utilities" */ = {
			isa = XCConfigurationList;
			buildConfigurations = (
				6E24E3461FD8145C00A90C45 /* Debug */,
				6E24E3471FD8145C00A90C45 /* Release */,
			);
			defaultConfigurationIsVisible = 0;
			defaultConfigurationName = Release;
		};
		6E24E3481FD8145C00A90C45 /* Build configuration list for PBXNativeTarget "UtilitiesTests" */ = {
			isa = XCConfigurationList;
			buildConfigurations = (
				6E24E3491FD8145C00A90C45 /* Debug */,
				6E24E34A1FD8145C00A90C45 /* Release */,
			);
			defaultConfigurationIsVisible = 0;
			defaultConfigurationName = Release;
		};
/* End XCConfigurationList section */
	};
	rootObject = 6E24E3281FD8145B00A90C45 /* Project object */;
}
