// !$*UTF8*$!
{
	archiveVersion = 1;
	classes = {
	};
	objectVersion = 48;
	objects = {

/* Begin PBXBuildFile section */
		6E3972A71FE188C500EA8559 /* DPNavigationController.h in Headers */ = {isa = PBXBuildFile; fileRef = 6E3972A51FE188C500EA8559 /* DPNavigationController.h */; settings = {ATTRIBUTES = (Public, ); }; };
		6E3972A81FE188C500EA8559 /* DPNavigationController.m in Sources */ = {isa = PBXBuildFile; fileRef = 6E3972A61FE188C500EA8559 /* DPNavigationController.m */; };
		6E4938E71FD816680073788B /* Basics.framework in Frameworks */ = {isa = PBXBuildFile; fileRef = 6E4938DD1FD816680073788B /* Basics.framework */; };
		6E4938EC1FD816680073788B /* BasicsTests.m in Sources */ = {isa = PBXBuildFile; fileRef = 6E4938EB1FD816680073788B /* BasicsTests.m */; };
		6E4938EE1FD816680073788B /* Basics.h in Headers */ = {isa = PBXBuildFile; fileRef = 6E4938E01FD816680073788B /* Basics.h */; settings = {ATTRIBUTES = (Public, ); }; };
/* End PBXBuildFile section */

/* Begin PBXContainerItemProxy section */
		6E4938E81FD816680073788B /* PBXContainerItemProxy */ = {
			isa = PBXContainerItemProxy;
			containerPortal = 6E4938D41FD816680073788B /* Project object */;
			proxyType = 1;
			remoteGlobalIDString = 6E4938DC1FD816680073788B;
			remoteInfo = Basics;
		};
/* End PBXContainerItemProxy section */

/* Begin PBXFileReference section */
		6E3972A51FE188C500EA8559 /* DPNavigationController.h */ = {isa = PBXFileReference; lastKnownFileType = sourcecode.c.h; path = DPNavigationController.h; sourceTree = "<group>"; };
		6E3972A61FE188C500EA8559 /* DPNavigationController.m */ = {isa = PBXFileReference; lastKnownFileType = sourcecode.c.objc; path = DPNavigationController.m; sourceTree = "<group>"; };
		6E4938DD1FD816680073788B /* Basics.framework */ = {isa = PBXFileReference; explicitFileType = wrapper.framework; includeInIndex = 0; path = Basics.framework; sourceTree = BUILT_PRODUCTS_DIR; };
		6E4938E01FD816680073788B /* Basics.h */ = {isa = PBXFileReference; lastKnownFileType = sourcecode.c.h; path = Basics.h; sourceTree = "<group>"; };
		6E4938E11FD816680073788B /* Info.plist */ = {isa = PBXFileReference; lastKnownFileType = text.plist.xml; path = Info.plist; sourceTree = "<group>"; };
		6E4938E61FD816680073788B /* BasicsTests.xctest */ = {isa = PBXFileReference; explicitFileType = wrapper.cfbundle; includeInIndex = 0; path = BasicsTests.xctest; sourceTree = BUILT_PRODUCTS_DIR; };
		6E4938EB1FD816680073788B /* BasicsTests.m */ = {isa = PBXFileReference; lastKnownFileType = sourcecode.c.objc; path = BasicsTests.m; sourceTree = "<group>"; };
		6E4938ED1FD816680073788B /* Info.plist */ = {isa = PBXFileReference; lastKnownFileType = text.plist.xml; path = Info.plist; sourceTree = "<group>"; };
/* End PBXFileReference section */

/* Begin PBXFrameworksBuildPhase section */
		6E4938D91FD816680073788B /* Frameworks */ = {
			isa = PBXFrameworksBuildPhase;
			buildActionMask = 2147483647;
			files = (
			);
			runOnlyForDeploymentPostprocessing = 0;
		};
		6E4938E31FD816680073788B /* Frameworks */ = {
			isa = PBXFrameworksBuildPhase;
			buildActionMask = 2147483647;
			files = (
				6E4938E71FD816680073788B /* Basics.framework in Frameworks */,
			);
			runOnlyForDeploymentPostprocessing = 0;
		};
/* End PBXFrameworksBuildPhase section */

/* Begin PBXGroup section */
		6E3972A41FE1889000EA8559 /* NavigationController */ = {
			isa = PBXGroup;
			children = (
				6E3972A51FE188C500EA8559 /* DPNavigationController.h */,
				6E3972A61FE188C500EA8559 /* DPNavigationController.m */,
			);
			path = NavigationController;
			sourceTree = "<group>";
		};
		6E4938D31FD816680073788B = {
			isa = PBXGroup;
			children = (
				6E4938DF1FD816680073788B /* Basics */,
				6E4938EA1FD816680073788B /* BasicsTests */,
				6E4938DE1FD816680073788B /* Products */,
			);
			sourceTree = "<group>";
		};
		6E4938DE1FD816680073788B /* Products */ = {
			isa = PBXGroup;
			children = (
				6E4938DD1FD816680073788B /* Basics.framework */,
				6E4938E61FD816680073788B /* BasicsTests.xctest */,
			);
			name = Products;
			sourceTree = "<group>";
		};
		6E4938DF1FD816680073788B /* Basics */ = {
			isa = PBXGroup;
			children = (
				6E4938E01FD816680073788B /* Basics.h */,
				6E4938E11FD816680073788B /* Info.plist */,
				6E3972A41FE1889000EA8559 /* NavigationController */,
			);
			path = Basics;
			sourceTree = "<group>";
		};
		6E4938EA1FD816680073788B /* BasicsTests */ = {
			isa = PBXGroup;
			children = (
				6E4938EB1FD816680073788B /* BasicsTests.m */,
				6E4938ED1FD816680073788B /* Info.plist */,
			);
			path = BasicsTests;
			sourceTree = "<group>";
		};
/* End PBXGroup section */

/* Begin PBXHeadersBuildPhase section */
		6E4938DA1FD816680073788B /* Headers */ = {
			isa = PBXHeadersBuildPhase;
			buildActionMask = 2147483647;
			files = (
				6E3972A71FE188C500EA8559 /* DPNavigationController.h in Headers */,
				6E4938EE1FD816680073788B /* Basics.h in Headers */,
			);
			runOnlyForDeploymentPostprocessing = 0;
		};
/* End PBXHeadersBuildPhase section */

/* Begin PBXNativeTarget section */
		6E4938DC1FD816680073788B /* Basics */ = {
			isa = PBXNativeTarget;
			buildConfigurationList = 6E4938F11FD816680073788B /* Build configuration list for PBXNativeTarget "Basics" */;
			buildPhases = (
				6E4938D81FD816680073788B /* Sources */,
				6E4938D91FD816680073788B /* Frameworks */,
				6E4938DA1FD816680073788B /* Headers */,
				6E4938DB1FD816680073788B /* Resources */,
			);
			buildRules = (
			);
			dependencies = (
			);
			name = Basics;
			productName = Basics;
			productReference = 6E4938DD1FD816680073788B /* Basics.framework */;
			productType = "com.apple.product-type.framework";
		};
		6E4938E51FD816680073788B /* BasicsTests */ = {
			isa = PBXNativeTarget;
			buildConfigurationList = 6E4938F41FD816680073788B /* Build configuration list for PBXNativeTarget "BasicsTests" */;
			buildPhases = (
				6E4938E21FD816680073788B /* Sources */,
				6E4938E31FD816680073788B /* Frameworks */,
				6E4938E41FD816680073788B /* Resources */,
			);
			buildRules = (
			);
			dependencies = (
				6E4938E91FD816680073788B /* PBXTargetDependency */,
			);
			name = BasicsTests;
			productName = BasicsTests;
			productReference = 6E4938E61FD816680073788B /* BasicsTests.xctest */;
			productType = "com.apple.product-type.bundle.unit-test";
		};
/* End PBXNativeTarget section */

/* Begin PBXProject section */
		6E4938D41FD816680073788B /* Project object */ = {
			isa = PBXProject;
			attributes = {
				LastUpgradeCheck = 0910;
				ORGANIZATIONNAME = "dancewithpeng@gmail.com";
				TargetAttributes = {
					6E4938DC1FD816680073788B = {
						CreatedOnToolsVersion = 9.1;
						ProvisioningStyle = Automatic;
					};
					6E4938E51FD816680073788B = {
						CreatedOnToolsVersion = 9.1;
						ProvisioningStyle = Automatic;
					};
				};
			};
			buildConfigurationList = 6E4938D71FD816680073788B /* Build configuration list for PBXProject "Basics" */;
			compatibilityVersion = "Xcode 8.0";
			developmentRegion = en;
			hasScannedForEncodings = 0;
			knownRegions = (
				en,
			);
			mainGroup = 6E4938D31FD816680073788B;
			productRefGroup = 6E4938DE1FD816680073788B /* Products */;
			projectDirPath = "";
			projectRoot = "";
			targets = (
				6E4938DC1FD816680073788B /* Basics */,
				6E4938E51FD816680073788B /* BasicsTests */,
			);
		};
/* End PBXProject section */

/* Begin PBXResourcesBuildPhase section */
		6E4938DB1FD816680073788B /* Resources */ = {
			isa = PBXResourcesBuildPhase;
			buildActionMask = 2147483647;
			files = (
			);
			runOnlyForDeploymentPostprocessing = 0;
		};
		6E4938E41FD816680073788B /* Resources */ = {
			isa = PBXResourcesBuildPhase;
			buildActionMask = 2147483647;
			files = (
			);
			runOnlyForDeploymentPostprocessing = 0;
		};
/* End PBXResourcesBuildPhase section */

/* Begin PBXSourcesBuildPhase section */
		6E4938D81FD816680073788B /* Sources */ = {
			isa = PBXSourcesBuildPhase;
			buildActionMask = 2147483647;
			files = (
				6E3972A81FE188C500EA8559 /* DPNavigationController.m in Sources */,
			);
			runOnlyForDeploymentPostprocessing = 0;
		};
		6E4938E21FD816680073788B /* Sources */ = {
			isa = PBXSourcesBuildPhase;
			buildActionMask = 2147483647;
			files = (
				6E4938EC1FD816680073788B /* BasicsTests.m in Sources */,
			);
			runOnlyForDeploymentPostprocessing = 0;
		};
/* End PBXSourcesBuildPhase section */

/* Begin PBXTargetDependency section */
		6E4938E91FD816680073788B /* PBXTargetDependency */ = {
			isa = PBXTargetDependency;
			target = 6E4938DC1FD816680073788B /* Basics */;
			targetProxy = 6E4938E81FD816680073788B /* PBXContainerItemProxy */;
		};
/* End PBXTargetDependency section */

/* Begin XCBuildConfiguration section */
		6E4938EF1FD816680073788B /* Debug */ = {
			isa = XCBuildConfiguration;
			buildSettings = {
				ALWAYS_SEARCH_USER_PATHS = NO;
				CLANG_ANALYZER_NONNULL = YES;
				CLANG_ANALYZER_NUMBER_OBJECT_CONVERSION = YES_AGGRESSIVE;
				CLANG_CXX_LANGUAGE_STANDARD = "gnu++14";
				CLANG_CXX_LIBRARY = "libc++";
				CLANG_ENABLE_MODULES = YES;
				CLANG_ENABLE_OBJC_ARC = YES;
				CLANG_WARN_BLOCK_CAPTURE_AUTORELEASING = YES;
				CLANG_WARN_BOOL_CONVERSION = YES;
				CLANG_WARN_COMMA = YES;
				CLANG_WARN_CONSTANT_CONVERSION = YES;
				CLANG_WARN_DIRECT_OBJC_ISA_USAGE = YES_ERROR;
				CLANG_WARN_DOCUMENTATION_COMMENTS = YES;
				CLANG_WARN_EMPTY_BODY = YES;
				CLANG_WARN_ENUM_CONVERSION = YES;
				CLANG_WARN_INFINITE_RECURSION = YES;
				CLANG_WARN_INT_CONVERSION = YES;
				CLANG_WARN_NON_LITERAL_NULL_CONVERSION = YES;
				CLANG_WARN_OBJC_LITERAL_CONVERSION = YES;
				CLANG_WARN_OBJC_ROOT_CLASS = YES_ERROR;
				CLANG_WARN_RANGE_LOOP_ANALYSIS = YES;
				CLANG_WARN_STRICT_PROTOTYPES = YES;
				CLANG_WARN_SUSPICIOUS_MOVE = YES;
				CLANG_WARN_UNGUARDED_AVAILABILITY = YES_AGGRESSIVE;
				CLANG_WARN_UNREACHABLE_CODE = YES;
				CLANG_WARN__DUPLICATE_METHOD_MATCH = YES;
				CODE_SIGN_IDENTITY = "iPhone Developer";
				COPY_PHASE_STRIP = NO;
				CURRENT_PROJECT_VERSION = 1;
				DEBUG_INFORMATION_FORMAT = dwarf;
				ENABLE_STRICT_OBJC_MSGSEND = YES;
				ENABLE_TESTABILITY = YES;
				GCC_C_LANGUAGE_STANDARD = gnu11;
				GCC_DYNAMIC_NO_PIC = NO;
				GCC_NO_COMMON_BLOCKS = YES;
				GCC_OPTIMIZATION_LEVEL = 0;
				GCC_PREPROCESSOR_DEFINITIONS = (
					"DEBUG=1",
					"$(inherited)",
				);
				GCC_WARN_64_TO_32_BIT_CONVERSION = YES;
				GCC_WARN_ABOUT_RETURN_TYPE = YES_ERROR;
				GCC_WARN_UNDECLARED_SELECTOR = YES;
				GCC_WARN_UNINITIALIZED_AUTOS = YES_AGGRESSIVE;
				GCC_WARN_UNUSED_FUNCTION = YES;
				GCC_WARN_UNUSED_VARIABLE = YES;
				IPHONEOS_DEPLOYMENT_TARGET = 11.1;
				MTL_ENABLE_DEBUG_INFO = YES;
				ONLY_ACTIVE_ARCH = YES;
				SDKROOT = iphoneos;
				VERSIONING_SYSTEM = "apple-generic";
				VERSION_INFO_PREFIX = "";
			};
			name = Debug;
		};
		6E4938F01FD816680073788B /* Release */ = {
			isa = XCBuildConfiguration;
			buildSettings = {
				ALWAYS_SEARCH_USER_PATHS = NO;
				CLANG_ANALYZER_NONNULL = YES;
				CLANG_ANALYZER_NUMBER_OBJECT_CONVERSION = YES_AGGRESSIVE;
				CLANG_CXX_LANGUAGE_STANDARD = "gnu++14";
				CLANG_CXX_LIBRARY = "libc++";
				CLANG_ENABLE_MODULES = YES;
				CLANG_ENABLE_OBJC_ARC = YES;
				CLANG_WARN_BLOCK_CAPTURE_AUTORELEASING = YES;
				CLANG_WARN_BOOL_CONVERSION = YES;
				CLANG_WARN_COMMA = YES;
				CLANG_WARN_CONSTANT_CONVERSION = YES;
				CLANG_WARN_DIRECT_OBJC_ISA_USAGE = YES_ERROR;
				CLANG_WARN_DOCUMENTATION_COMMENTS = YES;
				CLANG_WARN_EMPTY_BODY = YES;
				CLANG_WARN_ENUM_CONVERSION = YES;
				CLANG_WARN_INFINITE_RECURSION = YES;
				CLANG_WARN_INT_CONVERSION = YES;
				CLANG_WARN_NON_LITERAL_NULL_CONVERSION = YES;
				CLANG_WARN_OBJC_LITERAL_CONVERSION = YES;
				CLANG_WARN_OBJC_ROOT_CLASS = YES_ERROR;
				CLANG_WARN_RANGE_LOOP_ANALYSIS = YES;
				CLANG_WARN_STRICT_PROTOTYPES = YES;
				CLANG_WARN_SUSPICIOUS_MOVE = YES;
				CLANG_WARN_UNGUARDED_AVAILABILITY = YES_AGGRESSIVE;
				CLANG_WARN_UNREACHABLE_CODE = YES;
				CLANG_WARN__DUPLICATE_METHOD_MATCH = YES;
				CODE_SIGN_IDENTITY = "iPhone Developer";
				COPY_PHASE_STRIP = NO;
				CURRENT_PROJECT_VERSION = 1;
				DEBUG_INFORMATION_FORMAT = "dwarf-with-dsym";
				ENABLE_NS_ASSERTIONS = NO;
				ENABLE_STRICT_OBJC_MSGSEND = YES;
				GCC_C_LANGUAGE_STANDARD = gnu11;
				GCC_NO_COMMON_BLOCKS = YES;
				GCC_WARN_64_TO_32_BIT_CONVERSION = YES;
				GCC_WARN_ABOUT_RETURN_TYPE = YES_ERROR;
				GCC_WARN_UNDECLARED_SELECTOR = YES;
				GCC_WARN_UNINITIALIZED_AUTOS = YES_AGGRESSIVE;
				GCC_WARN_UNUSED_FUNCTION = YES;
				GCC_WARN_UNUSED_VARIABLE = YES;
				IPHONEOS_DEPLOYMENT_TARGET = 11.1;
				MTL_ENABLE_DEBUG_INFO = NO;
				SDKROOT = iphoneos;
				VALIDATE_PRODUCT = YES;
				VERSIONING_SYSTEM = "apple-generic";
				VERSION_INFO_PREFIX = "";
			};
			name = Release;
		};
		6E4938F21FD816680073788B /* Debug */ = {
			isa = XCBuildConfiguration;
			buildSettings = {
				CODE_SIGN_IDENTITY = "";
				CODE_SIGN_STYLE = Automatic;
				DEFINES_MODULE = YES;
				DEVELOPMENT_TEAM = MNYYTRW888;
				DYLIB_COMPATIBILITY_VERSION = 1;
				DYLIB_CURRENT_VERSION = 1;
				DYLIB_INSTALL_NAME_BASE = "@rpath";
				INFOPLIST_FILE = Basics/Info.plist;
				INSTALL_PATH = "$(LOCAL_LIBRARY_DIR)/Frameworks";
				LD_RUNPATH_SEARCH_PATHS = "$(inherited) @executable_path/Frameworks @loader_path/Frameworks";
				PRODUCT_BUNDLE_IDENTIFIER = DP.Basics;
				PRODUCT_NAME = "$(TARGET_NAME:c99extidentifier)";
				SKIP_INSTALL = YES;
				TARGETED_DEVICE_FAMILY = "1,2";
			};
			name = Debug;
		};
		6E4938F31FD816680073788B /* Release */ = {
			isa = XCBuildConfiguration;
			buildSettings = {
				CODE_SIGN_IDENTITY = "";
				CODE_SIGN_STYLE = Automatic;
				DEFINES_MODULE = YES;
				DEVELOPMENT_TEAM = MNYYTRW888;
				DYLIB_COMPATIBILITY_VERSION = 1;
				DYLIB_CURRENT_VERSION = 1;
				DYLIB_INSTALL_NAME_BASE = "@rpath";
				INFOPLIST_FILE = Basics/Info.plist;
				INSTALL_PATH = "$(LOCAL_LIBRARY_DIR)/Frameworks";
				LD_RUNPATH_SEARCH_PATHS = "$(inherited) @executable_path/Frameworks @loader_path/Frameworks";
				PRODUCT_BUNDLE_IDENTIFIER = DP.Basics;
				PRODUCT_NAME = "$(TARGET_NAME:c99extidentifier)";
				SKIP_INSTALL = YES;
				TARGETED_DEVICE_FAMILY = "1,2";
			};
			name = Release;
		};
		6E4938F51FD816680073788B /* Debug */ = {
			isa = XCBuildConfiguration;
			buildSettings = {
				CODE_SIGN_STYLE = Automatic;
				DEVELOPMENT_TEAM = MNYYTRW888;
				INFOPLIST_FILE = BasicsTests/Info.plist;
				LD_RUNPATH_SEARCH_PATHS = "$(inherited) @executable_path/Frameworks @loader_path/Frameworks";
				PRODUCT_BUNDLE_IDENTIFIER = DP.BasicsTests;
				PRODUCT_NAME = "$(TARGET_NAME)";
				TARGETED_DEVICE_FAMILY = "1,2";
			};
			name = Debug;
		};
		6E4938F61FD816680073788B /* Release */ = {
			isa = XCBuildConfiguration;
			buildSettings = {
				CODE_SIGN_STYLE = Automatic;
				DEVELOPMENT_TEAM = MNYYTRW888;
				INFOPLIST_FILE = BasicsTests/Info.plist;
				LD_RUNPATH_SEARCH_PATHS = "$(inherited) @executable_path/Frameworks @loader_path/Frameworks";
				PRODUCT_BUNDLE_IDENTIFIER = DP.BasicsTests;
				PRODUCT_NAME = "$(TARGET_NAME)";
				TARGETED_DEVICE_FAMILY = "1,2";
			};
			name = Release;
		};
/* End XCBuildConfiguration section */

/* Begin XCConfigurationList section */
		6E4938D71FD816680073788B /* Build configuration list for PBXProject "Basics" */ = {
			isa = XCConfigurationList;
			buildConfigurations = (
				6E4938EF1FD816680073788B /* Debug */,
				6E4938F01FD816680073788B /* Release */,
			);
			defaultConfigurationIsVisible = 0;
			defaultConfigurationName = Release;
		};
		6E4938F11FD816680073788B /* Build configuration list for PBXNativeTarget "Basics" */ = {
			isa = XCConfigurationList;
			buildConfigurations = (
				6E4938F21FD816680073788B /* Debug */,
				6E4938F31FD816680073788B /* Release */,
			);
			defaultConfigurationIsVisible = 0;
			defaultConfigurationName = Release;
		};
		6E4938F41FD816680073788B /* Build configuration list for PBXNativeTarget "BasicsTests" */ = {
			isa = XCConfigurationList;
			buildConfigurations = (
				6E4938F51FD816680073788B /* Debug */,
				6E4938F61FD816680073788B /* Release */,
			);
			defaultConfigurationIsVisible = 0;
			defaultConfigurationName = Release;
		};
/* End XCConfigurationList section */
	};
	rootObject = 6E4938D41FD816680073788B /* Project object */;
}
